// !$*UTF8*$!
{
	archiveVersion = 1;
	classes = {
	};
	objectVersion = 77;
	objects = {

/* Begin PBXContainerItemProxy section */
		1F2A8A502F4C898B0020CA9C /* PBXContainerItemProxy */ = {
			isa = PBXContainerItemProxy;
			containerPortal = 1F2A8A3A2F4C89890020CA9C /* Project object */;
			proxyType = 1;
			remoteGlobalIDString = 1F2A8A412F4C89890020CA9C;
			remoteInfo = RickAndMortyBrowser;
		};
		1F2A8A5A2F4C898B0020CA9C /* PBXContainerItemProxy */ = {
			isa = PBXContainerItemProxy;
			containerPortal = 1F2A8A3A2F4C89890020CA9C /* Project object */;
			proxyType = 1;
			remoteGlobalIDString = 1F2A8A412F4C89890020CA9C;
			remoteInfo = RickAndMortyBrowser;
		};
/* End PBXContainerItemProxy section */

/* Begin PBXFileReference section */
		1F2A8A422F4C89890020CA9C /* RickAndMortyBrowser.app */ = {isa = PBXFileReference; explicitFileType = wrapper.application; includeInIndex = 0; path = RickAndMortyBrowser.app; sourceTree = BUILT_PRODUCTS_DIR; };
		1F2A8A4F2F4C898B0020CA9C /* RickAndMortyBrowserTests.xctest */ = {isa = PBXFileReference; explicitFileType = wrapper.cfbundle; includeInIndex = 0; path = RickAndMortyBrowserTests.xctest; sourceTree = BUILT_PRODUCTS_DIR; };
		1F2A8A592F4C898B0020CA9C /* RickAndMortyBrowserUITests.xctest */ = {isa = PBXFileReference; explicitFileType = wrapper.cfbundle; includeInIndex = 0; path = RickAndMortyBrowserUITests.xctest; sourceTree = BUILT_PRODUCTS_DIR; };
/* End PBXFileReference section */

/* Begin PBXFileSystemSynchronizedRootGroup section */
		1F2A8A442F4C89890020CA9C /* RickAndMortyBrowser */ = {
			isa = PBXFileSystemSynchronizedRootGroup;
			path = RickAndMortyBrowser;
			sourceTree = "<group>";
		};
		1F2A8A522F4C898B0020CA9C /* RickAndMortyBrowserTests */ = {
			isa = PBXFileSystemSynchronizedRootGroup;
			path = RickAndMortyBrowserTests;
			sourceTree = "<group>";
		};
		1F2A8A5C2F4C898B0020CA9C /* RickAndMortyBrowserUITests */ = {
			isa = PBXFileSystemSynchronizedRootGroup;
			path = RickAndMortyBrowserUITests;
			sourceTree = "<group>";
		};
/* End PBXFileSystemSynchronizedRootGroup section */

/* Begin PBXFrameworksBuildPhase section */
		1F2A8A3F2F4C89890020CA9C /* Frameworks */ = {
			isa = PBXFrameworksBuildPhase;
			buildActionMask = 2147483647;
			files = (
			);
			runOnlyForDeploymentPostprocessing = 0;
		};
		1F2A8A4C2F4C898B0020CA9C /* Frameworks */ = {
			isa = PBXFrameworksBuildPhase;
			buildActionMask = 2147483647;
			files = (
			);
			runOnlyForDeploymentPostprocessing = 0;
		};
		1F2A8A562F4C898B0020CA9C /* Frameworks */ = {
			isa = PBXFrameworksBuildPhase;
			buildActionMask = 2147483647;
			files = (
			);
			runOnlyForDeploymentPostprocessing = 0;
		};
/* End PBXFrameworksBuildPhase section */

/* Begin PBXGroup section */
		1F2A8A392F4C89890020CA9C = {
			isa = PBXGroup;
			children = (
				1F2A8A442F4C89890020CA9C /* RickAndMortyBrowser */,
				1F2A8A522F4C898B0020CA9C /* RickAndMortyBrowserTests */,
				1F2A8A5C2F4C898B0020CA9C /* RickAndMortyBrowserUITests */,
				1F2A8A432F4C89890020CA9C /* Products */,
			);
			sourceTree = "<group>";
		};
		1F2A8A432F4C89890020CA9C /* Products */ = {
			isa = PBXGroup;
			children = (
				1F2A8A422F4C89890020CA9C /* RickAndMortyBrowser.app */,
				1F2A8A4F2F4C898B0020CA9C /* RickAndMortyBrowserTests.xctest */,
				1F2A8A592F4C898B0020CA9C /* RickAndMortyBrowserUITests.xctest */,
			);
			name = Products;
			sourceTree = "<group>";
		};
/* End PBXGroup section */

/* Begin PBXNativeTarget section */
		1F2A8A412F4C89890020CA9C /* RickAndMortyBrowser */ = {
			isa = PBXNativeTarget;
			buildConfigurationList = 1F2A8A632F4C898B0020CA9C /* Build configuration list for PBXNativeTarget "RickAndMortyBrowser" */;
			buildPhases = (
				1F2A8A3E2F4C89890020CA9C /* Sources */,
				1F2A8A3F2F4C89890020CA9C /* Frameworks */,
				1F2A8A402F4C89890020CA9C /* Resources */,
				1F2A8AFC2F4CADA60020CA9C /* SwiftLint */,
			);
			buildRules = (
			);
			dependencies = (
			);
			fileSystemSynchronizedGroups = (
				1F2A8A442F4C89890020CA9C /* RickAndMortyBrowser */,
			);
			name = RickAndMortyBrowser;
			packageProductDependencies = (
			);
			productName = RickAndMortyBrowser;
			productReference = 1F2A8A422F4C89890020CA9C /* RickAndMortyBrowser.app */;
			productType = "com.apple.product-type.application";
		};
		1F2A8A4E2F4C898B0020CA9C /* RickAndMortyBrowserTests */ = {
			isa = PBXNativeTarget;
			buildConfigurationList = 1F2A8A662F4C898B0020CA9C /* Build configuration list for PBXNativeTarget "RickAndMortyBrowserTests" */;
			buildPhases = (
				1F2A8A4B2F4C898B0020CA9C /* Sources */,
				1F2A8A4C2F4C898B0020CA9C /* Frameworks */,
				1F2A8A4D2F4C898B0020CA9C /* Resources */,
			);
			buildRules = (
			);
			dependencies = (
				1F2A8A512F4C898B0020CA9C /* PBXTargetDependency */,
			);
			fileSystemSynchronizedGroups = (
				1F2A8A522F4C898B0020CA9C /* RickAndMortyBrowserTests */,
			);
			name = RickAndMortyBrowserTests;
			packageProductDependencies = (
			);
			productName = RickAndMortyBrowserTests;
			productReference = 1F2A8A4F2F4C898B0020CA9C /* RickAndMortyBrowserTests.xctest */;
			productType = "com.apple.product-type.bundle.unit-test";
		};
		1F2A8A582F4C898B0020CA9C /* RickAndMortyBrowserUITests */ = {
			isa = PBXNativeTarget;
			buildConfigurationList = 1F2A8A692F4C898B0020CA9C /* Build configuration list for PBXNativeTarget "RickAndMortyBrowserUITests" */;
			buildPhases = (
				1F2A8A552F4C898B0020CA9C /* Sources */,
				1F2A8A562F4C898B0020CA9C /* Frameworks */,
				1F2A8A572F4C898B0020CA9C /* Resources */,
			);
			buildRules = (
			);
			dependencies = (
				1F2A8A5B2F4C898B0020CA9C /* PBXTargetDependency */,
			);
			fileSystemSynchronizedGroups = (
				1F2A8A5C2F4C898B0020CA9C /* RickAndMortyBrowserUITests */,
			);
			name = RickAndMortyBrowserUITests;
			packageProductDependencies = (
			);
			productName = RickAndMortyBrowserUITests;
			productReference = 1F2A8A592F4C898B0020CA9C /* RickAndMortyBrowserUITests.xctest */;
			productType = "com.apple.product-type.bundle.ui-testing";
		};
/* End PBXNativeTarget section */

/* Begin PBXProject section */
		1F2A8A3A2F4C89890020CA9C /* Project object */ = {
			isa = PBXProject;
			attributes = {
				BuildIndependentTargetsInParallel = 1;
				LastSwiftUpdateCheck = 2620;
				LastUpgradeCheck = 2620;
				TargetAttributes = {
					1F2A8A412F4C89890020CA9C = {
						CreatedOnToolsVersion = 26.2;
					};
					1F2A8A4E2F4C898B0020CA9C = {
						CreatedOnToolsVersion = 26.2;
						TestTargetID = 1F2A8A412F4C89890020CA9C;
					};
					1F2A8A582F4C898B0020CA9C = {
						CreatedOnToolsVersion = 26.2;
						TestTargetID = 1F2A8A412F4C89890020CA9C;
					};
				};
			};
			buildConfigurationList = 1F2A8A3D2F4C89890020CA9C /* Build configuration list for PBXProject "RickAndMortyBrowser" */;
			developmentRegion = en;
			hasScannedForEncodings = 0;
			knownRegions = (
				en,
				Base,
			);
			mainGroup = 1F2A8A392F4C89890020CA9C;
			minimizedProjectReferenceProxies = 1;
			preferredProjectObjectVersion = 77;
			productRefGroup = 1F2A8A432F4C89890020CA9C /* Products */;
			projectDirPath = "";
			projectRoot = "";
			targets = (
				1F2A8A412F4C89890020CA9C /* RickAndMortyBrowser */,
				1F2A8A4E2F4C898B0020CA9C /* RickAndMortyBrowserTests */,
				1F2A8A582F4C898B0020CA9C /* RickAndMortyBrowserUITests */,
			);
		};
/* End PBXProject section */

/* Begin PBXResourcesBuildPhase section */
		1F2A8A402F4C89890020CA9C /* Resources */ = {
			isa = PBXResourcesBuildPhase;
			buildActionMask = 2147483647;
			files = (
			);
			runOnlyForDeploymentPostprocessing = 0;
		};
		1F2A8A4D2F4C898B0020CA9C /* Resources */ = {
			isa = PBXResourcesBuildPhase;
			buildActionMask = 2147483647;
			files = (
			);
			runOnlyForDeploymentPostprocessing = 0;
		};
		1F2A8A572F4C898B0020CA9C /* Resources */ = {
			isa = PBXResourcesBuildPhase;
			buildActionMask = 2147483647;
			files = (
			);
			runOnlyForDeploymentPostprocessing = 0;
		};
/* End PBXResourcesBuildPhase section */

/* Begin PBXShellScriptBuildPhase section */
		1F2A8AFC2F4CADA60020CA9C /* SwiftLint */ = {
			isa = PBXShellScriptBuildPhase;
			alwaysOutOfDate = 1;
			buildActionMask = 2147483647;
			files = (
			);
			inputFileListPaths = (
			);
			inputPaths = (
			);
			name = SwiftLint;
			outputFileListPaths = (
			);
			outputPaths = (
			);
			runOnlyForDeploymentPostprocessing = 0;
			shellPath = /bin/sh;
			shellScript = "# Skip in CI: SwiftLint already runs as a dedicated GitHub Actions step\nif [ \"${CI:-}\" = \"true\" ]; then\n  echo \"Skipping SwiftLint in CI (already run in workflow).\"\n  exit 0\nfi\n\n# If xcode-select points to CommandLineTools, try to find a real Xcode Developer dir\nif [ \"$(xcode-select -p)\" = \"/Library/Developer/CommandLineTools\" ]; then\n  for candidate in \\\n    \"/Applications/Xcode.app/Contents/Developer\" \\\n    /Applications/Xcode_*.app/Contents/Developer \\\n    \"/Applications/Xcode-beta.app/Contents/Developer\"\n  do\n    if [ -d \"$candidate\" ]; then\n      export DEVELOPER_DIR=\"$candidate\"\n      break\n    fi\n  done\nfi\n\nif command -v swiftlint >/dev/null 2>&1; then\n  swiftlint --strict\nelse\n  echo \"warning: SwiftLint not installed. Install with: brew install swiftlint\"\nfi\n";
		};
/* End PBXShellScriptBuildPhase section */

/* Begin PBXSourcesBuildPhase section */
		1F2A8A3E2F4C89890020CA9C /* Sources */ = {
			isa = PBXSourcesBuildPhase;
			buildActionMask = 2147483647;
			files = (
			);
			runOnlyForDeploymentPostprocessing = 0;
		};
		1F2A8A4B2F4C898B0020CA9C /* Sources */ = {
			isa = PBXSourcesBuildPhase;
			buildActionMask = 2147483647;
			files = (
			);
			runOnlyForDeploymentPostprocessing = 0;
		};
		1F2A8A552F4C898B0020CA9C /* Sources */ = {
			isa = PBXSourcesBuildPhase;
			buildActionMask = 2147483647;
			files = (
			);
			runOnlyForDeploymentPostprocessing = 0;
		};
/* End PBXSourcesBuildPhase section */

/* Begin PBXTargetDependency section */
		1F2A8A512F4C898B0020CA9C /* PBXTargetDependency */ = {
			isa = PBXTargetDependency;
			target = 1F2A8A412F4C89890020CA9C /* RickAndMortyBrowser */;
			targetProxy = 1F2A8A502F4C898B0020CA9C /* PBXContainerItemProxy */;
		};
		1F2A8A5B2F4C898B0020CA9C /* PBXTargetDependency */ = {
			isa = PBXTargetDependency;
			target = 1F2A8A412F4C89890020CA9C /* RickAndMortyBrowser */;
			targetProxy = 1F2A8A5A2F4C898B0020CA9C /* PBXContainerItemProxy */;
		};
/* End PBXTargetDependency section */

/* Begin XCBuildConfiguration section */
		1F2A8A612F4C898B0020CA9C /* Debug */ = {
			isa = XCBuildConfiguration;
			buildSettings = {
				ALWAYS_SEARCH_USER_PATHS = NO;
				ASSETCATALOG_COMPILER_GENERATE_SWIFT_ASSET_SYMBOL_EXTENSIONS = YES;
				CLANG_ANALYZER_NONNULL = YES;
				CLANG_ANALYZER_NUMBER_OBJECT_CONVERSION = YES_AGGRESSIVE;
				CLANG_CXX_LANGUAGE_STANDARD = "gnu++20";
				CLANG_ENABLE_MODULES = YES;
				CLANG_ENABLE_OBJC_ARC = YES;
				CLANG_ENABLE_OBJC_WEAK = YES;
				CLANG_WARN_BLOCK_CAPTURE_AUTORELEASING = YES;
				CLANG_WARN_BOOL_CONVERSION = YES;
				CLANG_WARN_COMMA = YES;
				CLANG_WARN_CONSTANT_CONVERSION = YES;
				CLANG_WARN_DEPRECATED_OBJC_IMPLEMENTATIONS = YES;
				CLANG_WARN_DIRECT_OBJC_ISA_USAGE = YES_ERROR;
				CLANG_WARN_DOCUMENTATION_COMMENTS = YES;
				CLANG_WARN_EMPTY_BODY = YES;
				CLANG_WARN_ENUM_CONVERSION = YES;
				CLANG_WARN_INFINITE_RECURSION = YES;
				CLANG_WARN_INT_CONVERSION = YES;
				CLANG_WARN_NON_LITERAL_NULL_CONVERSION = YES;
				CLANG_WARN_OBJC_IMPLICIT_RETAIN_SELF = YES;
				CLANG_WARN_OBJC_LITERAL_CONVERSION = YES;
				CLANG_WARN_OBJC_ROOT_CLASS = YES_ERROR;
				CLANG_WARN_QUOTED_INCLUDE_IN_FRAMEWORK_HEADER = YES;
				CLANG_WARN_RANGE_LOOP_ANALYSIS = YES;
				CLANG_WARN_STRICT_PROTOTYPES = YES;
				CLANG_WARN_SUSPICIOUS_MOVE = YES;
				CLANG_WARN_UNGUARDED_AVAILABILITY = YES_AGGRESSIVE;
				CLANG_WARN_UNREACHABLE_CODE = YES;
				CLANG_WARN__DUPLICATE_METHOD_MATCH = YES;
				COPY_PHASE_STRIP = NO;
				DEBUG_INFORMATION_FORMAT = dwarf;
				DEVELOPMENT_TEAM = N9K6Z78NW9;
				ENABLE_STRICT_OBJC_MSGSEND = YES;
				ENABLE_TESTABILITY = YES;
				ENABLE_USER_SCRIPT_SANDBOXING = YES;
				GCC_C_LANGUAGE_STANDARD = gnu17;
				GCC_DYNAMIC_NO_PIC = NO;
				GCC_NO_COMMON_BLOCKS = YES;
				GCC_OPTIMIZATION_LEVEL = 0;
				GCC_PREPROCESSOR_DEFINITIONS = (
					"DEBUG=1",
					"$(inherited)",
				);
				GCC_WARN_64_TO_32_BIT_CONVERSION = YES;
				GCC_WARN_ABOUT_RETURN_TYPE = YES_ERROR;
				GCC_WARN_UNDECLARED_SELECTOR = YES;
				GCC_WARN_UNINITIALIZED_AUTOS = YES_AGGRESSIVE;
				GCC_WARN_UNUSED_FUNCTION = YES;
				GCC_WARN_UNUSED_VARIABLE = YES;
				IPHONEOS_DEPLOYMENT_TARGET = 26.2;
				LOCALIZATION_PREFERS_STRING_CATALOGS = YES;
				MTL_ENABLE_DEBUG_INFO = INCLUDE_SOURCE;
				MTL_FAST_MATH = YES;
				ONLY_ACTIVE_ARCH = YES;
				SDKROOT = iphoneos;
				SWIFT_ACTIVE_COMPILATION_CONDITIONS = "DEBUG $(inherited)";
				SWIFT_OPTIMIZATION_LEVEL = "-Onone";
			};
			name = Debug;
		};
		1F2A8A622F4C898B0020CA9C /* Release */ = {
			isa = XCBuildConfiguration;
			buildSettings = {
				ALWAYS_SEARCH_USER_PATHS = NO;
				ASSETCATALOG_COMPILER_GENERATE_SWIFT_ASSET_SYMBOL_EXTENSIONS = YES;
				CLANG_ANALYZER_NONNULL = YES;
				CLANG_ANALYZER_NUMBER_OBJECT_CONVERSION = YES_AGGRESSIVE;
				CLANG_CXX_LANGUAGE_STANDARD = "gnu++20";
				CLANG_ENABLE_MODULES = YES;
				CLANG_ENABLE_OBJC_ARC = YES;
				CLANG_ENABLE_OBJC_WEAK = YES;
				CLANG_WARN_BLOCK_CAPTURE_AUTORELEASING = YES;
				CLANG_WARN_BOOL_CONVERSION = YES;
				CLANG_WARN_COMMA = YES;
				CLANG_WARN_CONSTANT_CONVERSION = YES;
				CLANG_WARN_DEPRECATED_OBJC_IMPLEMENTATIONS = YES;
				CLANG_WARN_DIRECT_OBJC_ISA_USAGE = YES_ERROR;
				CLANG_WARN_DOCUMENTATION_COMMENTS = YES;
				CLANG_WARN_EMPTY_BODY = YES;
				CLANG_WARN_ENUM_CONVERSION = YES;
				CLANG_WARN_INFINITE_RECURSION = YES;
				CLANG_WARN_INT_CONVERSION = YES;
				CLANG_WARN_NON_LITERAL_NULL_CONVERSION = YES;
				CLANG_WARN_OBJC_IMPLICIT_RETAIN_SELF = YES;
				CLANG_WARN_OBJC_LITERAL_CONVERSION = YES;
				CLANG_WARN_OBJC_ROOT_CLASS = YES_ERROR;
				CLANG_WARN_QUOTED_INCLUDE_IN_FRAMEWORK_HEADER = YES;
				CLANG_WARN_RANGE_LOOP_ANALYSIS = YES;
				CLANG_WARN_STRICT_PROTOTYPES = YES;
				CLANG_WARN_SUSPICIOUS_MOVE = YES;
				CLANG_WARN_UNGUARDED_AVAILABILITY = YES_AGGRESSIVE;
				CLANG_WARN_UNREACHABLE_CODE = YES;
				CLANG_WARN__DUPLICATE_METHOD_MATCH = YES;
				COPY_PHASE_STRIP = NO;
				DEBUG_INFORMATION_FORMAT = "dwarf-with-dsym";
				DEVELOPMENT_TEAM = N9K6Z78NW9;
				ENABLE_NS_ASSERTIONS = NO;
				ENABLE_STRICT_OBJC_MSGSEND = YES;
				ENABLE_USER_SCRIPT_SANDBOXING = YES;
				GCC_C_LANGUAGE_STANDARD = gnu17;
				GCC_NO_COMMON_BLOCKS = YES;
				GCC_WARN_64_TO_32_BIT_CONVERSION = YES;
				GCC_WARN_ABOUT_RETURN_TYPE = YES_ERROR;
				GCC_WARN_UNDECLARED_SELECTOR = YES;
				GCC_WARN_UNINITIALIZED_AUTOS = YES_AGGRESSIVE;
				GCC_WARN_UNUSED_FUNCTION = YES;
				GCC_WARN_UNUSED_VARIABLE = YES;
				IPHONEOS_DEPLOYMENT_TARGET = 26.2;
				LOCALIZATION_PREFERS_STRING_CATALOGS = YES;
				MTL_ENABLE_DEBUG_INFO = NO;
				MTL_FAST_MATH = YES;
				SDKROOT = iphoneos;
				SWIFT_COMPILATION_MODE = wholemodule;
				VALIDATE_PRODUCT = YES;
			};
			name = Release;
		};
		1F2A8A642F4C898B0020CA9C /* Debug */ = {
			isa = XCBuildConfiguration;
			buildSettings = {
				ASSETCATALOG_COMPILER_APPICON_NAME = RickAndMortyBrowser;
				ASSETCATALOG_COMPILER_GLOBAL_ACCENT_COLOR_NAME = AccentColor;
				CODE_SIGN_STYLE = Automatic;
				CURRENT_PROJECT_VERSION = 1;
				DEVELOPMENT_TEAM = N9K6Z78NW9;
				ENABLE_PREVIEWS = YES;
				GENERATE_INFOPLIST_FILE = YES;
				INFOPLIST_KEY_UIApplicationSceneManifest_Generation = YES;
				INFOPLIST_KEY_UIApplicationSupportsIndirectInputEvents = YES;
				INFOPLIST_KEY_UILaunchScreen_Generation = YES;
				INFOPLIST_KEY_UISupportedInterfaceOrientations_iPad = "UIInterfaceOrientationPortrait UIInterfaceOrientationPortraitUpsideDown UIInterfaceOrientationLandscapeLeft UIInterfaceOrientationLandscapeRight";
				INFOPLIST_KEY_UISupportedInterfaceOrientations_iPhone = "UIInterfaceOrientationPortrait UIInterfaceOrientationLandscapeLeft UIInterfaceOrientationLandscapeRight";
				LD_RUNPATH_SEARCH_PATHS = (
					"$(inherited)",
					"@executable_path/Frameworks",
				);
				MARKETING_VERSION = 1.0;
				PRODUCT_BUNDLE_IDENTIFIER = com.eduardios.RickAndMortyBrowser;
				PRODUCT_NAME = "$(TARGET_NAME)";
				STRING_CATALOG_GENERATE_SYMBOLS = YES;
				SWIFT_APPROACHABLE_CONCURRENCY = YES;
				SWIFT_DEFAULT_ACTOR_ISOLATION = MainActor;
				SWIFT_EMIT_LOC_STRINGS = YES;
				SWIFT_UPCOMING_FEATURE_MEMBER_IMPORT_VISIBILITY = YES;
				SWIFT_VERSION = 5.0;
				TARGETED_DEVICE_FAMILY = "1,2";
			};
			name = Debug;
		};
		1F2A8A652F4C898B0020CA9C /* Release */ = {
			isa = XCBuildConfiguration;
			buildSettings = {
				ASSETCATALOG_COMPILER_APPICON_NAME = RickAndMortyBrowser;
				ASSETCATALOG_COMPILER_GLOBAL_ACCENT_COLOR_NAME = AccentColor;
				CODE_SIGN_STYLE = Automatic;
				CURRENT_PROJECT_VERSION = 1;
				DEVELOPMENT_TEAM = N9K6Z78NW9;
				ENABLE_PREVIEWS = YES;
				GENERATE_INFOPLIST_FILE = YES;
				INFOPLIST_KEY_UIApplicationSceneManifest_Generation = YES;
				INFOPLIST_KEY_UIApplicationSupportsIndirectInputEvents = YES;
				INFOPLIST_KEY_UILaunchScreen_Generation = YES;
				INFOPLIST_KEY_UISupportedInterfaceOrientations_iPad = "UIInterfaceOrientationPortrait UIInterfaceOrientationPortraitUpsideDown UIInterfaceOrientationLandscapeLeft UIInterfaceOrientationLandscapeRight";
				INFOPLIST_KEY_UISupportedInterfaceOrientations_iPhone = "UIInterfaceOrientationPortrait UIInterfaceOrientationLandscapeLeft UIInterfaceOrientationLandscapeRight";
				LD_RUNPATH_SEARCH_PATHS = (
					"$(inherited)",
					"@executable_path/Frameworks",
				);
				MARKETING_VERSION = 1.0;
				PRODUCT_BUNDLE_IDENTIFIER = com.eduardios.RickAndMortyBrowser;
				PRODUCT_NAME = "$(TARGET_NAME)";
				STRING_CATALOG_GENERATE_SYMBOLS = YES;
				SWIFT_APPROACHABLE_CONCURRENCY = YES;
				SWIFT_DEFAULT_ACTOR_ISOLATION = MainActor;
				SWIFT_EMIT_LOC_STRINGS = YES;
				SWIFT_UPCOMING_FEATURE_MEMBER_IMPORT_VISIBILITY = YES;
				SWIFT_VERSION = 5.0;
				TARGETED_DEVICE_FAMILY = "1,2";
			};
			name = Release;
		};
		1F2A8A672F4C898B0020CA9C /* Debug */ = {
			isa = XCBuildConfiguration;
			buildSettings = {
				BUNDLE_LOADER = "$(TEST_HOST)";
				CODE_SIGN_STYLE = Automatic;
				CURRENT_PROJECT_VERSION = 1;
				DEVELOPMENT_TEAM = N9K6Z78NW9;
				GENERATE_INFOPLIST_FILE = YES;
				IPHONEOS_DEPLOYMENT_TARGET = 26.2;
				MARKETING_VERSION = 1.0;
				PRODUCT_BUNDLE_IDENTIFIER = com.eduardios.RickAndMortyBrowserTests;
				PRODUCT_NAME = "$(TARGET_NAME)";
				STRING_CATALOG_GENERATE_SYMBOLS = NO;
				SWIFT_APPROACHABLE_CONCURRENCY = YES;
				SWIFT_EMIT_LOC_STRINGS = NO;
				SWIFT_UPCOMING_FEATURE_MEMBER_IMPORT_VISIBILITY = YES;
				SWIFT_VERSION = 5.0;
				TARGETED_DEVICE_FAMILY = "1,2";
				TEST_HOST = "$(BUILT_PRODUCTS_DIR)/RickAndMortyBrowser.app/$(BUNDLE_EXECUTABLE_FOLDER_PATH)/RickAndMortyBrowser";
			};
			name = Debug;
		};
		1F2A8A682F4C898B0020CA9C /* Release */ = {
			isa = XCBuildConfiguration;
			buildSettings = {
				BUNDLE_LOADER = "$(TEST_HOST)";
				CODE_SIGN_STYLE = Automatic;
				CURRENT_PROJECT_VERSION = 1;
				DEVELOPMENT_TEAM = N9K6Z78NW9;
				GENERATE_INFOPLIST_FILE = YES;
				IPHONEOS_DEPLOYMENT_TARGET = 26.2;
				MARKETING_VERSION = 1.0;
				PRODUCT_BUNDLE_IDENTIFIER = com.eduardios.RickAndMortyBrowserTests;
				PRODUCT_NAME = "$(TARGET_NAME)";
				STRING_CATALOG_GENERATE_SYMBOLS = NO;
				SWIFT_APPROACHABLE_CONCURRENCY = YES;
				SWIFT_EMIT_LOC_STRINGS = NO;
				SWIFT_UPCOMING_FEATURE_MEMBER_IMPORT_VISIBILITY = YES;
				SWIFT_VERSION = 5.0;
				TARGETED_DEVICE_FAMILY = "1,2";
				TEST_HOST = "$(BUILT_PRODUCTS_DIR)/RickAndMortyBrowser.app/$(BUNDLE_EXECUTABLE_FOLDER_PATH)/RickAndMortyBrowser";
			};
			name = Release;
		};
		1F2A8A6A2F4C898B0020CA9C /* Debug */ = {
			isa = XCBuildConfiguration;
			buildSettings = {
				CODE_SIGN_STYLE = Automatic;
				CURRENT_PROJECT_VERSION = 1;
				DEVELOPMENT_TEAM = N9K6Z78NW9;
				GENERATE_INFOPLIST_FILE = YES;
				MARKETING_VERSION = 1.0;
				PRODUCT_BUNDLE_IDENTIFIER = com.eduardios.RickAndMortyBrowserUITests;
				PRODUCT_NAME = "$(TARGET_NAME)";
				STRING_CATALOG_GENERATE_SYMBOLS = NO;
				SWIFT_APPROACHABLE_CONCURRENCY = YES;
				SWIFT_EMIT_LOC_STRINGS = NO;
				SWIFT_UPCOMING_FEATURE_MEMBER_IMPORT_VISIBILITY = YES;
				SWIFT_VERSION = 5.0;
				TARGETED_DEVICE_FAMILY = "1,2";
				TEST_TARGET_NAME = RickAndMortyBrowser;
			};
			name = Debug;
		};
		1F2A8A6B2F4C898B0020CA9C /* Release */ = {
			isa = XCBuildConfiguration;
			buildSettings = {
				CODE_SIGN_STYLE = Automatic;
				CURRENT_PROJECT_VERSION = 1;
				DEVELOPMENT_TEAM = N9K6Z78NW9;
				GENERATE_INFOPLIST_FILE = YES;
				MARKETING_VERSION = 1.0;
				PRODUCT_BUNDLE_IDENTIFIER = com.eduardios.RickAndMortyBrowserUITests;
				PRODUCT_NAME = "$(TARGET_NAME)";
				STRING_CATALOG_GENERATE_SYMBOLS = NO;
				SWIFT_APPROACHABLE_CONCURRENCY = YES;
				SWIFT_EMIT_LOC_STRINGS = NO;
				SWIFT_UPCOMING_FEATURE_MEMBER_IMPORT_VISIBILITY = YES;
				SWIFT_VERSION = 5.0;
				TARGETED_DEVICE_FAMILY = "1,2";
				TEST_TARGET_NAME = RickAndMortyBrowser;
			};
			name = Release;
		};
/* End XCBuildConfiguration section */

/* Begin XCConfigurationList section */
		1F2A8A3D2F4C89890020CA9C /* Build configuration list for PBXProject "RickAndMortyBrowser" */ = {
			isa = XCConfigurationList;
			buildConfigurations = (
				1F2A8A612F4C898B0020CA9C /* Debug */,
				1F2A8A622F4C898B0020CA9C /* Release */,
			);
			defaultConfigurationIsVisible = 0;
			defaultConfigurationName = Release;
		};
		1F2A8A632F4C898B0020CA9C /* Build configuration list for PBXNativeTarget "RickAndMortyBrowser" */ = {
			isa = XCConfigurationList;
			buildConfigurations = (
				1F2A8A642F4C898B0020CA9C /* Debug */,
				1F2A8A652F4C898B0020CA9C /* Release */,
			);
			defaultConfigurationIsVisible = 0;
			defaultConfigurationName = Release;
		};
		1F2A8A662F4C898B0020CA9C /* Build configuration list for PBXNativeTarget "RickAndMortyBrowserTests" */ = {
			isa = XCConfigurationList;
			buildConfigurations = (
				1F2A8A672F4C898B0020CA9C /* Debug */,
				1F2A8A682F4C898B0020CA9C /* Release */,
			);
			defaultConfigurationIsVisible = 0;
			defaultConfigurationName = Release;
		};
		1F2A8A692F4C898B0020CA9C /* Build configuration list for PBXNativeTarget "RickAndMortyBrowserUITests" */ = {
			isa = XCConfigurationList;
			buildConfigurations = (
				1F2A8A6A2F4C898B0020CA9C /* Debug */,
				1F2A8A6B2F4C898B0020CA9C /* Release */,
			);
			defaultConfigurationIsVisible = 0;
			defaultConfigurationName = Release;
		};
/* End XCConfigurationList section */
	};
	rootObject = 1F2A8A3A2F4C89890020CA9C /* Project object */;
}
